
Microsoft Visual Studio Solution File, Format Version 12.00
# Visual Studio Version 17
VisualStudioVersion = 17.8.34322.80
MinimumVisualStudioVersion = 10.0.40219.1
Project("{9A19103F-16F7-4668-BE54-9A1E7A4F7556}") = "Ambulance", "Ambulance\Ambulance.csproj", "{D4C4F118-C002-4390-9CF2-9E4408FF1735}"
EndProject
Project("{E53339B2-1760-4266-BCC7-CA923CBCF16C}") = "docker-compose", "docker-compose.dcproj", "{732ABF61-9DFC-4685-A4DD-0016D83FFCE4}"
EndProject
Project("{FAE04EC0-301F-11D3-BF4B-00C04F79EFBC}") = "GateWay.API", "GateWay.API\GateWay.API.csproj", "{3BA845C9-1C0C-4445-BD8B-1CA05AC19F68}"
EndProject
Global
	GlobalSection(SolutionConfigurationPlatforms) = preSolution
		Debug|Any CPU = Debug|Any CPU
		Release|Any CPU = Release|Any CPU
	EndGlobalSection
	GlobalSection(ProjectConfigurationPlatforms) = postSolution
		{D4C4F118-C002-4390-9CF2-9E4408FF1735}.Debug|Any CPU.ActiveCfg = Debug|Any CPU
		{D4C4F118-C002-4390-9CF2-9E4408FF1735}.Debug|Any CPU.Build.0 = Debug|Any CPU
		{D4C4F118-C002-4390-9CF2-9E4408FF1735}.Release|Any CPU.ActiveCfg = Release|Any CPU
		{D4C4F118-C002-4390-9CF2-9E4408FF1735}.Release|Any CPU.Build.0 = Release|Any CPU
		{732ABF61-9DFC-4685-A4DD-0016D83FFCE4}.Debug|Any CPU.ActiveCfg = Debug|Any CPU
		{732ABF61-9DFC-4685-A4DD-0016D83FFCE4}.Debug|Any CPU.Build.0 = Debug|Any CPU
		{732ABF61-9DFC-4685-A4DD-0016D83FFCE4}.Release|Any CPU.ActiveCfg = Release|Any CPU
		{732ABF61-9DFC-4685-A4DD-0016D83FFCE4}.Release|Any CPU.Build.0 = Release|Any CPU
		{3BA845C9-1C0C-4445-BD8B-1CA05AC19F68}.Debug|Any CPU.ActiveCfg = Debug|Any CPU
		{3BA845C9-1C0C-4445-BD8B-1CA05AC19F68}.Debug|Any CPU.Build.0 = Debug|Any CPU
		{3BA845C9-1C0C-4445-BD8B-1CA05AC19F68}.Release|Any CPU.ActiveCfg = Release|Any CPU
		{3BA845C9-1C0C-4445-BD8B-1CA05AC19F68}.Release|Any CPU.Build.0 = Release|Any CPU
	EndGlobalSection
	GlobalSection(SolutionProperties) = preSolution
		HideSolutionNode = FALSE
	EndGlobalSection
	GlobalSection(ExtensibilityGlobals) = postSolution
		SolutionGuid = {3C02E49F-4426-4B7A-BB07-6D822273F5DD}
	EndGlobalSection
EndGlobal
